// !$*UTF8*$!
{
	archiveVersion = 1;
	classes = {
	};
	objectVersion = 48;
	objects = {

/* Begin PBXBuildFile section */
		FE98B57C201EC7F500D62868 /* AppDelegate.swift in Sources */ = {isa = PBXBuildFile; fileRef = FE98B57B201EC7F500D62868 /* AppDelegate.swift */; };
		FE98B57E201EC7F500D62868 /* ViewController.swift in Sources */ = {isa = PBXBuildFile; fileRef = FE98B57D201EC7F500D62868 /* ViewController.swift */; };
		FE98B581201EC7F500D62868 /* Main.storyboard in Resources */ = {isa = PBXBuildFile; fileRef = FE98B57F201EC7F500D62868 /* Main.storyboard */; };
		FE98B583201EC7F500D62868 /* Assets.xcassets in Resources */ = {isa = PBXBuildFile; fileRef = FE98B582201EC7F500D62868 /* Assets.xcassets */; };
		FE98B586201EC7F500D62868 /* LaunchScreen.storyboard in Resources */ = {isa = PBXBuildFile; fileRef = FE98B584201EC7F500D62868 /* LaunchScreen.storyboard */; };
		FE98B58E201EC80600D62868 /* DataService.swift in Sources */ = {isa = PBXBuildFile; fileRef = FE98B58D201EC80600D62868 /* DataService.swift */; };
		FE98B590201EC84F00D62868 /* City.swift in Sources */ = {isa = PBXBuildFile; fileRef = FE98B58F201EC84F00D62868 /* City.swift */; };
		FE98B592201EC86C00D62868 /* District.swift in Sources */ = {isa = PBXBuildFile; fileRef = FE98B591201EC86C00D62868 /* District.swift */; };
		FE98B594201ECB3F00D62868 /* CityTableViewController.swift in Sources */ = {isa = PBXBuildFile; fileRef = FE98B593201ECB3F00D62868 /* CityTableViewController.swift */; };
		FE98B597201ECD9800D62868 /* Districts.plist in Resources */ = {isa = PBXBuildFile; fileRef = FE98B595201ECD9800D62868 /* Districts.plist */; };
		FE98B598201ECD9800D62868 /* Cities.plist in Resources */ = {isa = PBXBuildFile; fileRef = FE98B596201ECD9800D62868 /* Cities.plist */; };
		FE98B59A201EDA5700D62868 /* DistrictsTableViewController.swift in Sources */ = {isa = PBXBuildFile; fileRef = FE98B599201EDA5700D62868 /* DistrictsTableViewController.swift */; };
		FEFFDD2C202019E900E34F2A /* RadioButton.swift in Sources */ = {isa = PBXBuildFile; fileRef = FEFFDD2B202019E900E34F2A /* RadioButton.swift */; };
/* End PBXBuildFile section */

/* Begin PBXFileReference section */
		FE98B578201EC7F500D62868 /* 2STreghiter.app */ = {isa = PBXFileReference; explicitFileType = wrapper.application; includeInIndex = 0; path = 2STreghiter.app; sourceTree = BUILT_PRODUCTS_DIR; };
		FE98B57B201EC7F500D62868 /* AppDelegate.swift */ = {isa = PBXFileReference; lastKnownFileType = sourcecode.swift; path = AppDelegate.swift; sourceTree = "<group>"; };
		FE98B57D201EC7F500D62868 /* ViewController.swift */ = {isa = PBXFileReference; lastKnownFileType = sourcecode.swift; path = ViewController.swift; sourceTree = "<group>"; };
		FE98B580201EC7F500D62868 /* Base */ = {isa = PBXFileReference; lastKnownFileType = file.storyboard; name = Base; path = Base.lproj/Main.storyboard; sourceTree = "<group>"; };
		FE98B582201EC7F500D62868 /* Assets.xcassets */ = {isa = PBXFileReference; lastKnownFileType = folder.assetcatalog; path = Assets.xcassets; sourceTree = "<group>"; };
		FE98B585201EC7F500D62868 /* Base */ = {isa = PBXFileReference; lastKnownFileType = file.storyboard; name = Base; path = Base.lproj/LaunchScreen.storyboard; sourceTree = "<group>"; };
		FE98B587201EC7F500D62868 /* Info.plist */ = {isa = PBXFileReference; lastKnownFileType = text.plist.xml; path = Info.plist; sourceTree = "<group>"; };
		FE98B58D201EC80600D62868 /* DataService.swift */ = {isa = PBXFileReference; lastKnownFileType = sourcecode.swift; path = DataService.swift; sourceTree = "<group>"; };
		FE98B58F201EC84F00D62868 /* City.swift */ = {isa = PBXFileReference; lastKnownFileType = sourcecode.swift; path = City.swift; sourceTree = "<group>"; };
		FE98B591201EC86C00D62868 /* District.swift */ = {isa = PBXFileReference; lastKnownFileType = sourcecode.swift; path = District.swift; sourceTree = "<group>"; };
		FE98B593201ECB3F00D62868 /* CityTableViewController.swift */ = {isa = PBXFileReference; lastKnownFileType = sourcecode.swift; path = CityTableViewController.swift; sourceTree = "<group>"; };
		FE98B595201ECD9800D62868 /* Districts.plist */ = {isa = PBXFileReference; fileEncoding = 4; lastKnownFileType = text.plist.xml; path = Districts.plist; sourceTree = "<group>"; };
		FE98B596201ECD9800D62868 /* Cities.plist */ = {isa = PBXFileReference; fileEncoding = 4; lastKnownFileType = text.plist.xml; path = Cities.plist; sourceTree = "<group>"; };
		FE98B599201EDA5700D62868 /* DistrictsTableViewController.swift */ = {isa = PBXFileReference; lastKnownFileType = sourcecode.swift; path = DistrictsTableViewController.swift; sourceTree = "<group>"; };
		FEFFDD2B202019E900E34F2A /* RadioButton.swift */ = {isa = PBXFileReference; lastKnownFileType = sourcecode.swift; path = RadioButton.swift; sourceTree = "<group>"; };
/* End PBXFileReference section */

/* Begin PBXFrameworksBuildPhase section */
		FE98B575201EC7F500D62868 /* Frameworks */ = {
			isa = PBXFrameworksBuildPhase;
			buildActionMask = 2147483647;
			files = (
			);
			runOnlyForDeploymentPostprocessing = 0;
		};
/* End PBXFrameworksBuildPhase section */

/* Begin PBXGroup section */
		FE98B56F201EC7F500D62868 = {
			isa = PBXGroup;
			children = (
				FE98B57A201EC7F500D62868 /* 2STreghiter */,
				FE98B579201EC7F500D62868 /* Products */,
			);
			sourceTree = "<group>";
		};
		FE98B579201EC7F500D62868 /* Products */ = {
			isa = PBXGroup;
			children = (
				FE98B578201EC7F500D62868 /* 2STreghiter.app */,
			);
			name = Products;
			sourceTree = "<group>";
		};
		FE98B57A201EC7F500D62868 /* 2STreghiter */ = {
			isa = PBXGroup;
			children = (
				FE98B57B201EC7F500D62868 /* AppDelegate.swift */,
				FE98B57D201EC7F500D62868 /* ViewController.swift */,
				FE98B58D201EC80600D62868 /* DataService.swift */,
				FE98B58F201EC84F00D62868 /* City.swift */,
				FE98B591201EC86C00D62868 /* District.swift */,
				FE98B593201ECB3F00D62868 /* CityTableViewController.swift */,
				FE98B599201EDA5700D62868 /* DistrictsTableViewController.swift */,
				FEFFDD2B202019E900E34F2A /* RadioButton.swift */,
				FE98B57F201EC7F500D62868 /* Main.storyboard */,
				FE98B582201EC7F500D62868 /* Assets.xcassets */,
				FE98B584201EC7F500D62868 /* LaunchScreen.storyboard */,
				FE98B596201ECD9800D62868 /* Cities.plist */,
				FE98B595201ECD9800D62868 /* Districts.plist */,
				FE98B587201EC7F500D62868 /* Info.plist */,
			);
			path = 2STreghiter;
			sourceTree = "<group>";
		};
/* End PBXGroup section */

/* Begin PBXNativeTarget section */
		FE98B577201EC7F500D62868 /* 2STreghiter */ = {
			isa = PBXNativeTarget;
			buildConfigurationList = FE98B58A201EC7F500D62868 /* Build configuration list for PBXNativeTarget "2STreghiter" */;
			buildPhases = (
				FE98B574201EC7F500D62868 /* Sources */,
				FE98B575201EC7F500D62868 /* Frameworks */,
				FE98B576201EC7F500D62868 /* Resources */,
			);
			buildRules = (
			);
			dependencies = (
			);
			name = 2STreghiter;
			productName = 2STreghiter;
			productReference = FE98B578201EC7F500D62868 /* 2STreghiter.app */;
			productType = "com.apple.product-type.application";
		};
/* End PBXNativeTarget section */

/* Begin PBXProject section */
		FE98B570201EC7F500D62868 /* Project object */ = {
			isa = PBXProject;
			attributes = {
				LastSwiftUpdateCheck = 0920;
				LastUpgradeCheck = 0920;
				ORGANIZATIONNAME = "DO HOANG VU";
				TargetAttributes = {
					FE98B577201EC7F500D62868 = {
						CreatedOnToolsVersion = 9.2;
						ProvisioningStyle = Automatic;
					};
				};
			};
			buildConfigurationList = FE98B573201EC7F500D62868 /* Build configuration list for PBXProject "2STreghiter" */;
			compatibilityVersion = "Xcode 8.0";
			developmentRegion = en;
			hasScannedForEncodings = 0;
			knownRegions = (
				en,
				Base,
			);
			mainGroup = FE98B56F201EC7F500D62868;
			productRefGroup = FE98B579201EC7F500D62868 /* Products */;
			projectDirPath = "";
			projectRoot = "";
			targets = (
				FE98B577201EC7F500D62868 /* 2STreghiter */,
			);
		};
/* End PBXProject section */

/* Begin PBXResourcesBuildPhase section */
		FE98B576201EC7F500D62868 /* Resources */ = {
			isa = PBXResourcesBuildPhase;
			buildActionMask = 2147483647;
			files = (
				FE98B586201EC7F500D62868 /* LaunchScreen.storyboard in Resources */,
				FE98B583201EC7F500D62868 /* Assets.xcassets in Resources */,
				FE98B598201ECD9800D62868 /* Cities.plist in Resources */,
				FE98B597201ECD9800D62868 /* Districts.plist in Resources */,
				FE98B581201EC7F500D62868 /* Main.storyboard in Resources */,
			);
			runOnlyForDeploymentPostprocessing = 0;
		};
/* End PBXResourcesBuildPhase section */

/* Begin PBXSourcesBuildPhase section */
		FE98B574201EC7F500D62868 /* Sources */ = {
			isa = PBXSourcesBuildPhase;
			buildActionMask = 2147483647;
			files = (
				FE98B594201ECB3F00D62868 /* CityTableViewController.swift in Sources */,
				FE98B59A201EDA5700D62868 /* DistrictsTableViewController.swift in Sources */,
				FE98B58E201EC80600D62868 /* DataService.swift in Sources */,
				FE98B592201EC86C00D62868 /* District.swift in Sources */,
				FE98B57E201EC7F500D62868 /* ViewController.swift in Sources */,
				FE98B590201EC84F00D62868 /* City.swift in Sources */,
				FE98B57C201EC7F500D62868 /* AppDelegate.swift in Sources */,
				FEFFDD2C202019E900E34F2A /* RadioButton.swift in Sources */,
			);
			runOnlyForDeploymentPostprocessing = 0;
		};
/* End PBXSourcesBuildPhase section */

/* Begin PBXVariantGroup section */
		FE98B57F201EC7F500D62868 /* Main.storyboard */ = {
			isa = PBXVariantGroup;
			children = (
				FE98B580201EC7F500D62868 /* Base */,
			);
			name = Main.storyboard;
			sourceTree = "<group>";
		};
		FE98B584201EC7F500D62868 /* LaunchScreen.storyboard */ = {
			isa = PBXVariantGroup;
			children = (
				FE98B585201EC7F500D62868 /* Base */,
			);
			name = LaunchScreen.storyboard;
			sourceTree = "<group>";
		};
/* End PBXVariantGroup section */

/* Begin XCBuildConfiguration section */
		FE98B588201EC7F500D62868 /* Debug */ = {
			isa = XCBuildConfiguration;
			buildSettings = {
				ALWAYS_SEARCH_USER_PATHS = NO;
				CLANG_ANALYZER_NONNULL = YES;
				CLANG_ANALYZER_NUMBER_OBJECT_CONVERSION = YES_AGGRESSIVE;
				CLANG_CXX_LANGUAGE_STANDARD = "gnu++14";
				CLANG_CXX_LIBRARY = "libc++";
				CLANG_ENABLE_MODULES = YES;
				CLANG_ENABLE_OBJC_ARC = YES;
				CLANG_WARN_BLOCK_CAPTURE_AUTORELEASING = YES;
				CLANG_WARN_BOOL_CONVERSION = YES;
				CLANG_WARN_COMMA = YES;
				CLANG_WARN_CONSTANT_CONVERSION = YES;
				CLANG_WARN_DIRECT_OBJC_ISA_USAGE = YES_ERROR;
				CLANG_WARN_DOCUMENTATION_COMMENTS = YES;
				CLANG_WARN_EMPTY_BODY = YES;
				CLANG_WARN_ENUM_CONVERSION = YES;
				CLANG_WARN_INFINITE_RECURSION = YES;
				CLANG_WARN_INT_CONVERSION = YES;
				CLANG_WARN_NON_LITERAL_NULL_CONVERSION = YES;
				CLANG_WARN_OBJC_LITERAL_CONVERSION = YES;
				CLANG_WARN_OBJC_ROOT_CLASS = YES_ERROR;
				CLANG_WARN_RANGE_LOOP_ANALYSIS = YES;
				CLANG_WARN_STRICT_PROTOTYPES = YES;
				CLANG_WARN_SUSPICIOUS_MOVE = YES;
				CLANG_WARN_UNGUARDED_AVAILABILITY = YES_AGGRESSIVE;
				CLANG_WARN_UNREACHABLE_CODE = YES;
				CLANG_WARN__DUPLICATE_METHOD_MATCH = YES;
				CODE_SIGN_IDENTITY = "iPhone Developer";
				COPY_PHASE_STRIP = NO;
				DEBUG_INFORMATION_FORMAT = dwarf;
				ENABLE_STRICT_OBJC_MSGSEND = YES;
				ENABLE_TESTABILITY = YES;
				GCC_C_LANGUAGE_STANDARD = gnu11;
				GCC_DYNAMIC_NO_PIC = NO;
				GCC_NO_COMMON_BLOCKS = YES;
				GCC_OPTIMIZATION_LEVEL = 0;
				GCC_PREPROCESSOR_DEFINITIONS = (
					"DEBUG=1",
					"$(inherited)",
				);
				GCC_WARN_64_TO_32_BIT_CONVERSION = YES;
				GCC_WARN_ABOUT_RETURN_TYPE = YES_ERROR;
				GCC_WARN_UNDECLARED_SELECTOR = YES;
				GCC_WARN_UNINITIALIZED_AUTOS = YES_AGGRESSIVE;
				GCC_WARN_UNUSED_FUNCTION = YES;
				GCC_WARN_UNUSED_VARIABLE = YES;
				IPHONEOS_DEPLOYMENT_TARGET = 11.2;
				MTL_ENABLE_DEBUG_INFO = YES;
				ONLY_ACTIVE_ARCH = YES;
				SDKROOT = iphoneos;
				SWIFT_ACTIVE_COMPILATION_CONDITIONS = DEBUG;
				SWIFT_OPTIMIZATION_LEVEL = "-Onone";
			};
			name = Debug;
		};
		FE98B589201EC7F500D62868 /* Release */ = {
			isa = XCBuildConfiguration;
			buildSettings = {
				ALWAYS_SEARCH_USER_PATHS = NO;
				CLANG_ANALYZER_NONNULL = YES;
				CLANG_ANALYZER_NUMBER_OBJECT_CONVERSION = YES_AGGRESSIVE;
				CLANG_CXX_LANGUAGE_STANDARD = "gnu++14";
				CLANG_CXX_LIBRARY = "libc++";
				CLANG_ENABLE_MODULES = YES;
				CLANG_ENABLE_OBJC_ARC = YES;
				CLANG_WARN_BLOCK_CAPTURE_AUTORELEASING = YES;
				CLANG_WARN_BOOL_CONVERSION = YES;
				CLANG_WARN_COMMA = YES;
				CLANG_WARN_CONSTANT_CONVERSION = YES;
				CLANG_WARN_DIRECT_OBJC_ISA_USAGE = YES_ERROR;
				CLANG_WARN_DOCUMENTATION_COMMENTS = YES;
				CLANG_WARN_EMPTY_BODY = YES;
				CLANG_WARN_ENUM_CONVERSION = YES;
				CLANG_WARN_INFINITE_RECURSION = YES;
				CLANG_WARN_INT_CONVERSION = YES;
				CLANG_WARN_NON_LITERAL_NULL_CONVERSION = YES;
				CLANG_WARN_OBJC_LITERAL_CONVERSION = YES;
				CLANG_WARN_OBJC_ROOT_CLASS = YES_ERROR;
				CLANG_WARN_RANGE_LOOP_ANALYSIS = YES;
				CLANG_WARN_STRICT_PROTOTYPES = YES;
				CLANG_WARN_SUSPICIOUS_MOVE = YES;
				CLANG_WARN_UNGUARDED_AVAILABILITY = YES_AGGRESSIVE;
				CLANG_WARN_UNREACHABLE_CODE = YES;
				CLANG_WARN__DUPLICATE_METHOD_MATCH = YES;
				CODE_SIGN_IDENTITY = "iPhone Developer";
				COPY_PHASE_STRIP = NO;
				DEBUG_INFORMATION_FORMAT = "dwarf-with-dsym";
				ENABLE_NS_ASSERTIONS = NO;
				ENABLE_STRICT_OBJC_MSGSEND = YES;
				GCC_C_LANGUAGE_STANDARD = gnu11;
				GCC_NO_COMMON_BLOCKS = YES;
				GCC_WARN_64_TO_32_BIT_CONVERSION = YES;
				GCC_WARN_ABOUT_RETURN_TYPE = YES_ERROR;
				GCC_WARN_UNDECLARED_SELECTOR = YES;
				GCC_WARN_UNINITIALIZED_AUTOS = YES_AGGRESSIVE;
				GCC_WARN_UNUSED_FUNCTION = YES;
				GCC_WARN_UNUSED_VARIABLE = YES;
				IPHONEOS_DEPLOYMENT_TARGET = 11.2;
				MTL_ENABLE_DEBUG_INFO = NO;
				SDKROOT = iphoneos;
				SWIFT_OPTIMIZATION_LEVEL = "-Owholemodule";
				VALIDATE_PRODUCT = YES;
			};
			name = Release;
		};
		FE98B58B201EC7F500D62868 /* Debug */ = {
			isa = XCBuildConfiguration;
			buildSettings = {
				ASSETCATALOG_COMPILER_APPICON_NAME = AppIcon;
				CODE_SIGN_STYLE = Automatic;
				INFOPLIST_FILE = 2STreghiter/Info.plist;
				LD_RUNPATH_SEARCH_PATHS = "$(inherited) @executable_path/Frameworks";
				PRODUCT_BUNDLE_IDENTIFIER = "vu.-STreghiter";
				PRODUCT_NAME = "$(TARGET_NAME)";
				SWIFT_VERSION = 4.0;
				TARGETED_DEVICE_FAMILY = "1,2";
			};
			name = Debug;
		};
		FE98B58C201EC7F500D62868 /* Release */ = {
			isa = XCBuildConfiguration;
			buildSettings = {
				ASSETCATALOG_COMPILER_APPICON_NAME = AppIcon;
				CODE_SIGN_STYLE = Automatic;
				INFOPLIST_FILE = 2STreghiter/Info.plist;
				LD_RUNPATH_SEARCH_PATHS = "$(inherited) @executable_path/Frameworks";
				PRODUCT_BUNDLE_IDENTIFIER = "vu.-STreghiter";
				PRODUCT_NAME = "$(TARGET_NAME)";
				SWIFT_VERSION = 4.0;
				TARGETED_DEVICE_FAMILY = "1,2";
			};
			name = Release;
		};
/* End XCBuildConfiguration section */

/* Begin XCConfigurationList section */
		FE98B573201EC7F500D62868 /* Build configuration list for PBXProject "2STreghiter" */ = {
			isa = XCConfigurationList;
			buildConfigurations = (
				FE98B588201EC7F500D62868 /* Debug */,
				FE98B589201EC7F500D62868 /* Release */,
			);
			defaultConfigurationIsVisible = 0;
			defaultConfigurationName = Release;
		};
		FE98B58A201EC7F500D62868 /* Build configuration list for PBXNativeTarget "2STreghiter" */ = {
			isa = XCConfigurationList;
			buildConfigurations = (
				FE98B58B201EC7F500D62868 /* Debug */,
				FE98B58C201EC7F500D62868 /* Release */,
			);
			defaultConfigurationIsVisible = 0;
			defaultConfigurationName = Release;
		};
/* End XCConfigurationList section */
	};
	rootObject = FE98B570201EC7F500D62868 /* Project object */;
}
